
Microsoft Visual Studio Solution File, Format Version 12.00
# Visual Studio Version 16
VisualStudioVersion = 16.0.31205.134
MinimumVisualStudioVersion = 10.0.40219.1
Project("{FAE04EC0-301F-11D3-BF4B-00C04F79EFBC}") = "Weather.Api", "Weather.Api\Weather.Api.csproj", "{6040392D-E55A-4677-8445-7C3FF039DDD3}"
EndProject
Project("{FAE04EC0-301F-11D3-BF4B-00C04F79EFBC}") = "Weather.BL", "Weather.BL\Weather.BL.csproj", "{79917ACD-35D9-4746-A955-E8E2B03244C9}"
EndProject
Project("{FAE04EC0-301F-11D3-BF4B-00C04F79EFBC}") = "Weather.DAL", "Weather.DAL\Weather.DAL.csproj", "{4890BF05-403A-4B24-A835-8E0C7F8055E0}"
EndProject
Project("{FAE04EC0-301F-11D3-BF4B-00C04F79EFBC}") = "Weather.BO", "Weather.BO\Weather.BO.csproj", "{9CFAE038-789A-4E12-A9B7-DFAEBAB6EFD7}"
EndProject
Global
	GlobalSection(SolutionConfigurationPlatforms) = preSolution
		Debug|Any CPU = Debug|Any CPU
		Release|Any CPU = Release|Any CPU
	EndGlobalSection
	GlobalSection(ProjectConfigurationPlatforms) = postSolution
		{6040392D-E55A-4677-8445-7C3FF039DDD3}.Debug|Any CPU.ActiveCfg = Debug|Any CPU
		{6040392D-E55A-4677-8445-7C3FF039DDD3}.Debug|Any CPU.Build.0 = Debug|Any CPU
		{6040392D-E55A-4677-8445-7C3FF039DDD3}.Release|Any CPU.ActiveCfg = Release|Any CPU
		{6040392D-E55A-4677-8445-7C3FF039DDD3}.Release|Any CPU.Build.0 = Release|Any CPU
		{79917ACD-35D9-4746-A955-E8E2B03244C9}.Debug|Any CPU.ActiveCfg = Debug|Any CPU
		{79917ACD-35D9-4746-A955-E8E2B03244C9}.Debug|Any CPU.Build.0 = Debug|Any CPU
		{79917ACD-35D9-4746-A955-E8E2B03244C9}.Release|Any CPU.ActiveCfg = Release|Any CPU
		{79917ACD-35D9-4746-A955-E8E2B03244C9}.Release|Any CPU.Build.0 = Release|Any CPU
		{4890BF05-403A-4B24-A835-8E0C7F8055E0}.Debug|Any CPU.ActiveCfg = Debug|Any CPU
		{4890BF05-403A-4B24-A835-8E0C7F8055E0}.Debug|Any CPU.Build.0 = Debug|Any CPU
		{4890BF05-403A-4B24-A835-8E0C7F8055E0}.Release|Any CPU.ActiveCfg = Release|Any CPU
		{4890BF05-403A-4B24-A835-8E0C7F8055E0}.Release|Any CPU.Build.0 = Release|Any CPU
		{9CFAE038-789A-4E12-A9B7-DFAEBAB6EFD7}.Debug|Any CPU.ActiveCfg = Debug|Any CPU
		{9CFAE038-789A-4E12-A9B7-DFAEBAB6EFD7}.Debug|Any CPU.Build.0 = Debug|Any CPU
		{9CFAE038-789A-4E12-A9B7-DFAEBAB6EFD7}.Release|Any CPU.ActiveCfg = Release|Any CPU
		{9CFAE038-789A-4E12-A9B7-DFAEBAB6EFD7}.Release|Any CPU.Build.0 = Release|Any CPU
	EndGlobalSection
	GlobalSection(SolutionProperties) = preSolution
		HideSolutionNode = FALSE
	EndGlobalSection
	GlobalSection(ExtensibilityGlobals) = postSolution
		SolutionGuid = {353C4669-758A-4E47-86D6-3AA81DA07381}
	EndGlobalSection
EndGlobal
